{
  "version": "3",
  "packages": {
    "specifiers": {
      "jsr:@std/assert@^0.226.0": "jsr:@std/assert@0.226.0",
      "jsr:@std/collections@^1.0.2": "jsr:@std/collections@1.0.2",
      "jsr:@std/encoding@^1.0.0": "jsr:@std/encoding@1.0.0",
      "jsr:@std/internal@^1.0.0": "jsr:@std/internal@1.0.1",
      "jsr:@std/path@^0.225.2": "jsr:@std/path@0.225.2",
      "jsr:@std/testing@^0.225.3": "jsr:@std/testing@0.225.3",
      "npm:@octokit/plugin-retry@7.1.1": "npm:@octokit/plugin-retry@7.1.1_@octokit+core@6.1.2",
      "npm:@octokit/plugin-retry@^7.1.1": "npm:@octokit/plugin-retry@7.1.1_@octokit+core@6.1.2",
      "npm:@octokit/plugin-throttling@9.3.0": "npm:@octokit/plugin-throttling@9.3.0_@octokit+core@6.1.2",
      "npm:@octokit/plugin-throttling@^9.3.0": "npm:@octokit/plugin-throttling@9.3.0_@octokit+core@6.1.2",
      "npm:@octokit/rest@21.0.0": "npm:@octokit/rest@21.0.0_@octokit+core@6.1.2",
      "npm:@octokit/rest@^21.0.0": "npm:@octokit/rest@21.0.0_@octokit+core@6.1.2",
      "npm:structured-source@4.0.0": "npm:structured-source@4.0.0",
      "npm:yaml-ast-parser@0.0.43": "npm:yaml-ast-parser@0.0.43"
    },
    "jsr": {
      "@std/assert@0.226.0": {
        "integrity": "0dfb5f7c7723c18cec118e080fec76ce15b4c31154b15ad2bd74822603ef75b3",
        "dependencies": [
          "jsr:@std/internal@^1.0.0"
        ]
      },
      "@std/collections@1.0.2": {
        "integrity": "cb1834be534f967e86495f6c64fa06f6b3debdaab5b860c2d3194db59cd30157"
      },
      "@std/encoding@1.0.0": {
        "integrity": "3cabf87b3eadb69126b42998188c87155238ceef805af3f241acca00ddb0cbb2"
      },
      "@std/internal@1.0.1": {
        "integrity": "6f8c7544d06a11dd256c8d6ba54b11ed870aac6c5aeafff499892662c57673e6"
      },
      "@std/path@0.225.2": {
        "integrity": "0f2db41d36b50ef048dcb0399aac720a5348638dd3cb5bf80685bf2a745aa506",
        "dependencies": [
          "jsr:@std/assert@^0.226.0"
        ]
      },
      "@std/testing@0.225.3": {
        "integrity": "348c24d0479d44ab3dbb4f26170f242e19f24051b45935d4a9e7ca0ab7e37780"
      }
    },
    "npm": {
      "@octokit/auth-token@5.1.1": {
        "integrity": "sha512-rh3G3wDO8J9wSjfI436JUKzHIxq8NaiL0tVeB2aXmG6p/9859aUOAjA9pmSPNGGZxfwmaJ9ozOJImuNVJdpvbA==",
        "dependencies": {}
      },
      "@octokit/core@6.1.2": {
        "integrity": "sha512-hEb7Ma4cGJGEUNOAVmyfdB/3WirWMg5hDuNFVejGEDFqupeOysLc2sG6HJxY2etBp5YQu5Wtxwi020jS9xlUwg==",
        "dependencies": {
          "@octokit/auth-token": "@octokit/auth-token@5.1.1",
          "@octokit/graphql": "@octokit/graphql@8.1.1",
          "@octokit/request": "@octokit/request@9.1.1",
          "@octokit/request-error": "@octokit/request-error@6.1.1",
          "@octokit/types": "@octokit/types@13.5.0",
          "before-after-hook": "before-after-hook@3.0.2",
          "universal-user-agent": "universal-user-agent@7.0.2"
        }
      },
      "@octokit/endpoint@10.1.1": {
        "integrity": "sha512-JYjh5rMOwXMJyUpj028cu0Gbp7qe/ihxfJMLc8VZBMMqSwLgOxDI1911gV4Enl1QSavAQNJcwmwBF9M0VvLh6Q==",
        "dependencies": {
          "@octokit/types": "@octokit/types@13.5.0",
          "universal-user-agent": "universal-user-agent@7.0.2"
        }
      },
      "@octokit/graphql@8.1.1": {
        "integrity": "sha512-ukiRmuHTi6ebQx/HFRCXKbDlOh/7xEV6QUXaE7MJEKGNAncGI/STSbOkl12qVXZrfZdpXctx5O9X1AIaebiDBg==",
        "dependencies": {
          "@octokit/request": "@octokit/request@9.1.1",
          "@octokit/types": "@octokit/types@13.5.0",
          "universal-user-agent": "universal-user-agent@7.0.2"
        }
      },
      "@octokit/openapi-types@22.2.0": {
        "integrity": "sha512-QBhVjcUa9W7Wwhm6DBFu6ZZ+1/t/oYxqc2tp81Pi41YNuJinbFRx8B133qVOrAaBbF7D/m0Et6f9/pZt9Rc+tg==",
        "dependencies": {}
      },
      "@octokit/plugin-paginate-rest@11.3.0_@octokit+core@6.1.2": {
        "integrity": "sha512-n4znWfRinnUQF6TPyxs7EctSAA3yVSP4qlJP2YgI3g9d4Ae2n5F3XDOjbUluKRxPU3rfsgpOboI4O4VtPc6Ilg==",
        "dependencies": {
          "@octokit/core": "@octokit/core@6.1.2",
          "@octokit/types": "@octokit/types@13.5.0"
        }
      },
      "@octokit/plugin-request-log@5.3.0_@octokit+core@6.1.2": {
        "integrity": "sha512-FiGcyjdtYPlr03ExBk/0ysIlEFIFGJQAVoPPMxL19B24bVSEiZQnVGBunNtaAF1YnvE/EFoDpXmITtRnyCiypQ==",
        "dependencies": {
          "@octokit/core": "@octokit/core@6.1.2"
        }
      },
      "@octokit/plugin-rest-endpoint-methods@13.2.1_@octokit+core@6.1.2": {
        "integrity": "sha512-YMWBw6Exh1ZBs5cCE0AnzYxSQDIJS00VlBqISTgNYmu5MBdeM07K/MAJjy/VkNaH5jpJmD/5HFUvIZ+LDB5jSQ==",
        "dependencies": {
          "@octokit/core": "@octokit/core@6.1.2",
          "@octokit/types": "@octokit/types@13.5.0"
        }
      },
      "@octokit/plugin-retry@7.1.1_@octokit+core@6.1.2": {
        "integrity": "sha512-G9Ue+x2odcb8E1XIPhaFBnTTIrrUDfXN05iFXiqhR+SeeeDMMILcAnysOsxUpEWcQp2e5Ft397FCXTcPkiPkLw==",
        "dependencies": {
          "@octokit/core": "@octokit/core@6.1.2",
          "@octokit/request-error": "@octokit/request-error@6.1.1",
          "@octokit/types": "@octokit/types@13.5.0",
          "bottleneck": "bottleneck@2.19.5"
        }
      },
      "@octokit/plugin-throttling@9.3.0_@octokit+core@6.1.2": {
        "integrity": "sha512-B5YTToSRTzNSeEyssnrT7WwGhpIdbpV9NKIs3KyTWHX6PhpYn7gqF/+lL3BvsASBM3Sg5BAUYk7KZx5p/Ec77w==",
        "dependencies": {
          "@octokit/core": "@octokit/core@6.1.2",
          "@octokit/types": "@octokit/types@13.5.0",
          "bottleneck": "bottleneck@2.19.5"
        }
      },
      "@octokit/request-error@6.1.1": {
        "integrity": "sha512-1mw1gqT3fR/WFvnoVpY/zUM2o/XkMs/2AszUUG9I69xn0JFLv6PGkPhNk5lbfvROs79wiS0bqiJNxfCZcRJJdg==",
        "dependencies": {
          "@octokit/types": "@octokit/types@13.5.0"
        }
      },
      "@octokit/request@9.1.1": {
        "integrity": "sha512-pyAguc0p+f+GbQho0uNetNQMmLG1e80WjkIaqqgUkihqUp0boRU6nKItXO4VWnr+nbZiLGEyy4TeKRwqaLvYgw==",
        "dependencies": {
          "@octokit/endpoint": "@octokit/endpoint@10.1.1",
          "@octokit/request-error": "@octokit/request-error@6.1.1",
          "@octokit/types": "@octokit/types@13.5.0",
          "universal-user-agent": "universal-user-agent@7.0.2"
        }
      },
      "@octokit/rest@21.0.0_@octokit+core@6.1.2": {
        "integrity": "sha512-XudXXOmiIjivdjNZ+fN71NLrnDM00sxSZlhqmPR3v0dVoJwyP628tSlc12xqn8nX3N0965583RBw5GPo6r8u4Q==",
        "dependencies": {
          "@octokit/core": "@octokit/core@6.1.2",
          "@octokit/plugin-paginate-rest": "@octokit/plugin-paginate-rest@11.3.0_@octokit+core@6.1.2",
          "@octokit/plugin-request-log": "@octokit/plugin-request-log@5.3.0_@octokit+core@6.1.2",
          "@octokit/plugin-rest-endpoint-methods": "@octokit/plugin-rest-endpoint-methods@13.2.1_@octokit+core@6.1.2"
        }
      },
      "@octokit/types@13.5.0": {
        "integrity": "sha512-HdqWTf5Z3qwDVlzCrP8UJquMwunpDiMPt5er+QjGzL4hqr/vBVY/MauQgS1xWxCDT1oMx1EULyqxncdCY/NVSQ==",
        "dependencies": {
          "@octokit/openapi-types": "@octokit/openapi-types@22.2.0"
        }
      },
      "before-after-hook@3.0.2": {
        "integrity": "sha512-Nik3Sc0ncrMK4UUdXQmAnRtzmNQTAAXmXIopizwZ1W1t8QmfJj+zL4OA2I7XPTPW5z5TDqv4hRo/JzouDJnX3A==",
        "dependencies": {}
      },
      "bottleneck@2.19.5": {
        "integrity": "sha512-VHiNCbI1lKdl44tGrhNfU3lup0Tj/ZBMJB5/2ZbNXRCPuRCO7ed2mgcK4r17y+KB2EfuYuRaVlwNbAeaWGSpbw==",
        "dependencies": {}
      },
      "boundary@2.0.0": {
        "integrity": "sha512-rJKn5ooC9u8q13IMCrW0RSp31pxBCHE3y9V/tp3TdWSLf8Em3p6Di4NBpfzbJge9YjjFEsD0RtFEjtvHL5VyEA==",
        "dependencies": {}
      },
      "structured-source@4.0.0": {
        "integrity": "sha512-qGzRFNJDjFieQkl/sVOI2dUjHKRyL9dAJi2gCPGJLbJHBIkyOHxjuocpIEfbLioX+qSJpvbYdT49/YCdMznKxA==",
        "dependencies": {
          "boundary": "boundary@2.0.0"
        }
      },
      "universal-user-agent@7.0.2": {
        "integrity": "sha512-0JCqzSKnStlRRQfCdowvqy3cy0Dvtlb8xecj/H8JFZuCze4rwjPZQOgvFvn0Ws/usCHQFGpyr+pB9adaGwXn4Q==",
        "dependencies": {}
      },
      "yaml-ast-parser@0.0.43": {
        "integrity": "sha512-2PTINUwsRqSd+s8XxKaJWQlUuEMHJQyEuh2edBbW8KNJz0SJPwUSD2zRWqezFEdN7IzAgeuYHFUCF7o8zRdZ0A==",
        "dependencies": {}
      }
    }
  },
  "remote": {
    "https://deno.land/std@0.224.0/assert/_constants.ts": "a271e8ef5a573f1df8e822a6eb9d09df064ad66a4390f21b3e31f820a38e0975",
    "https://deno.land/std@0.224.0/assert/assert.ts": "09d30564c09de846855b7b071e62b5974b001bb72a4b797958fe0660e7849834",
    "https://deno.land/std@0.224.0/assert/assert_almost_equals.ts": "9e416114322012c9a21fa68e187637ce2d7df25bcbdbfd957cd639e65d3cf293",
    "https://deno.land/std@0.224.0/assert/assert_array_includes.ts": "14c5094471bc8e4a7895fc6aa5a184300d8a1879606574cb1cd715ef36a4a3c7",
    "https://deno.land/std@0.224.0/assert/assert_equals.ts": "3bbca947d85b9d374a108687b1a8ba3785a7850436b5a8930d81f34a32cb8c74",
    "https://deno.land/std@0.224.0/assert/assert_exists.ts": "43420cf7f956748ae6ed1230646567b3593cb7a36c5a5327269279c870c5ddfd",
    "https://deno.land/std@0.224.0/assert/assert_false.ts": "3e9be8e33275db00d952e9acb0cd29481a44fa0a4af6d37239ff58d79e8edeff",
    "https://deno.land/std@0.224.0/assert/assert_greater.ts": "5e57b201fd51b64ced36c828e3dfd773412c1a6120c1a5a99066c9b261974e46",
    "https://deno.land/std@0.224.0/assert/assert_greater_or_equal.ts": "9870030f997a08361b6f63400273c2fb1856f5db86c0c3852aab2a002e425c5b",
    "https://deno.land/std@0.224.0/assert/assert_instance_of.ts": "e22343c1fdcacfaea8f37784ad782683ec1cf599ae9b1b618954e9c22f376f2c",
    "https://deno.land/std@0.224.0/assert/assert_is_error.ts": "f856b3bc978a7aa6a601f3fec6603491ab6255118afa6baa84b04426dd3cc491",
    "https://deno.land/std@0.224.0/assert/assert_less.ts": "60b61e13a1982865a72726a5fa86c24fad7eb27c3c08b13883fb68882b307f68",
    "https://deno.land/std@0.224.0/assert/assert_less_or_equal.ts": "d2c84e17faba4afe085e6c9123a63395accf4f9e00150db899c46e67420e0ec3",
    "https://deno.land/std@0.224.0/assert/assert_match.ts": "ace1710dd3b2811c391946954234b5da910c5665aed817943d086d4d4871a8b7",
    "https://deno.land/std@0.224.0/assert/assert_not_equals.ts": "78d45dd46133d76ce624b2c6c09392f6110f0df9b73f911d20208a68dee2ef29",
    "https://deno.land/std@0.224.0/assert/assert_not_instance_of.ts": "3434a669b4d20cdcc5359779301a0588f941ffdc2ad68803c31eabdb4890cf7a",
    "https://deno.land/std@0.224.0/assert/assert_not_match.ts": "df30417240aa2d35b1ea44df7e541991348a063d9ee823430e0b58079a72242a",
    "https://deno.land/std@0.224.0/assert/assert_not_strict_equals.ts": "37f73880bd672709373d6dc2c5f148691119bed161f3020fff3548a0496f71b8",
    "https://deno.land/std@0.224.0/assert/assert_object_match.ts": "411450fd194fdaabc0089ae68f916b545a49d7b7e6d0026e84a54c9e7eed2693",
    "https://deno.land/std@0.224.0/assert/assert_rejects.ts": "4bee1d6d565a5b623146a14668da8f9eb1f026a4f338bbf92b37e43e0aa53c31",
    "https://deno.land/std@0.224.0/assert/assert_strict_equals.ts": "b4f45f0fd2e54d9029171876bd0b42dd9ed0efd8f853ab92a3f50127acfa54f5",
    "https://deno.land/std@0.224.0/assert/assert_string_includes.ts": "496b9ecad84deab72c8718735373feb6cdaa071eb91a98206f6f3cb4285e71b8",
    "https://deno.land/std@0.224.0/assert/assert_throws.ts": "c6508b2879d465898dab2798009299867e67c570d7d34c90a2d235e4553906eb",
    "https://deno.land/std@0.224.0/assert/assertion_error.ts": "ba8752bd27ebc51f723702fac2f54d3e94447598f54264a6653d6413738a8917",
    "https://deno.land/std@0.224.0/assert/equal.ts": "bddf07bb5fc718e10bb72d5dc2c36c1ce5a8bdd3b647069b6319e07af181ac47",
    "https://deno.land/std@0.224.0/assert/fail.ts": "0eba674ffb47dff083f02ced76d5130460bff1a9a68c6514ebe0cdea4abadb68",
    "https://deno.land/std@0.224.0/assert/mod.ts": "48b8cb8a619ea0b7958ad7ee9376500fe902284bb36f0e32c598c3dc34cbd6f3",
    "https://deno.land/std@0.224.0/assert/unimplemented.ts": "8c55a5793e9147b4f1ef68cd66496b7d5ba7a9e7ca30c6da070c1a58da723d73",
    "https://deno.land/std@0.224.0/assert/unreachable.ts": "5ae3dbf63ef988615b93eb08d395dda771c96546565f9e521ed86f6510c29e19",
    "https://deno.land/std@0.224.0/fmt/colors.ts": "508563c0659dd7198ba4bbf87e97f654af3c34eb56ba790260f252ad8012e1c5",
    "https://deno.land/std@0.224.0/internal/diff.ts": "6234a4b493ebe65dc67a18a0eb97ef683626a1166a1906232ce186ae9f65f4e6",
    "https://deno.land/std@0.224.0/internal/format.ts": "0a98ee226fd3d43450245b1844b47003419d34d210fa989900861c79820d21c2",
    "https://deno.land/std@0.224.0/internal/mod.ts": "534125398c8e7426183e12dc255bb635d94e06d0f93c60a297723abe69d3b22e",
    "https://deno.land/std@0.224.0/testing/_test_suite.ts": "f10a8a6338b60c403f07a76f3f46bdc9f1e1a820c0a1decddeb2949f7a8a0546",
    "https://deno.land/std@0.224.0/testing/bdd.ts": "3e4de4ff6d8f348b5574661cef9501b442046a59079e201b849d0e74120d476b"
  },
  "workspace": {
    "dependencies": [
      "jsr:@std/assert@^0.226.0",
      "jsr:@std/collections@^1.0.2",
      "jsr:@std/encoding@^1.0.0",
      "jsr:@std/path@^0.225.2",
      "jsr:@std/testing@^0.225.3",
      "jsr:@std/yaml@^0.224.3",
      "npm:@octokit/plugin-retry@^7.1.1",
      "npm:@octokit/plugin-throttling@^9.3.0",
      "npm:@octokit/rest@^21.0.0",
      "npm:structured-source@^4.0.0",
      "npm:yaml-ast-parser@^0.0.43"
    ]
  }
}
